
Microsoft Visual Studio Solution File, Format Version 12.00
# Visual Studio Version 16
VisualStudioVersion = 16.0.29911.84
MinimumVisualStudioVersion = 10.0.40219.1
Project("{FAE04EC0-301F-11D3-BF4B-00C04F79EFBC}") = "Polymorphism", "Polymorphism\Polymorphism.csproj", "{DBB41D26-FB72-4F67-ABB8-4CF1060F9EBF}"
EndProject
Global
	GlobalSection(SolutionConfigurationPlatforms) = preSolution
		Debug|Any CPU = Debug|Any CPU
		Release|Any CPU = Release|Any CPU
	EndGlobalSection
	GlobalSection(ProjectConfigurationPlatforms) = postSolution
		{DBB41D26-FB72-4F67-ABB8-4CF1060F9EBF}.Debug|Any CPU.ActiveCfg = Debug|Any CPU
		{DBB41D26-FB72-4F67-ABB8-4CF1060F9EBF}.Debug|Any CPU.Build.0 = Debug|Any CPU
		{DBB41D26-FB72-4F67-ABB8-4CF1060F9EBF}.Release|Any CPU.ActiveCfg = Release|Any CPU
		{DBB41D26-FB72-4F67-ABB8-4CF1060F9EBF}.Release|Any CPU.Build.0 = Release|Any CPU
	EndGlobalSection
	GlobalSection(SolutionProperties) = preSolution
		HideSolutionNode = FALSE
	EndGlobalSection
	GlobalSection(ExtensibilityGlobals) = postSolution
		SolutionGuid = {51CC0BC1-F738-4ABA-821D-6A5A2F2E366B}
	EndGlobalSection
EndGlobal
